{
  "name": "knip-platform",
  "version": "0.3.0-alpha-executive-workspace-iteration-3.2",
  "lockfileVersion": 3,
  "requires": true,
  "packages": {
    "": {
      "name": "knip-platform",
      "version": "0.3.0-alpha-executive-workspace-iteration-3.2",
      "engines": {
        "node": ">=20"
      }
    }
  }
}
