{
  "name": "knip-platform",
  "version": "0.4.0-alpha-narrative-dna-iteration-4.1",
  "lockfileVersion": 3,
  "requires": true,
  "packages": {
    "": {
      "name": "knip-platform",
      "version": "0.4.0-alpha-narrative-dna-iteration-4.1",
      "engines": {
        "node": ">=20"
      }
    }
  }
}
